// !$*UTF8*$!
{
	archiveVersion = 1;
	classes = {
	};
	objectVersion = 52;
	objects = {

/* Begin PBXBuildFile section */
		B932D4212559500C0022BBF3 /* FileCell.swift in Sources */ = {isa = PBXBuildFile; fileRef = B932D41F2559500C0022BBF3 /* FileCell.swift */; };
		B932D4222559500C0022BBF3 /* FileCell.xib in Resources */ = {isa = PBXBuildFile; fileRef = B932D4202559500C0022BBF3 /* FileCell.xib */; };
		B937EB24255700FC00DC6948 /* Repository.swift in Sources */ = {isa = PBXBuildFile; fileRef = B937EB23255700FC00DC6948 /* Repository.swift */; };
		B937EB292557011800DC6948 /* Query.swift in Sources */ = {isa = PBXBuildFile; fileRef = B937EB282557011800DC6948 /* Query.swift */; };
		B937EB4225570C9400DC6948 /* ReusableNib.swift in Sources */ = {isa = PBXBuildFile; fileRef = B937EB4125570C9400DC6948 /* ReusableNib.swift */; };
		B96806F42555BF2400809CD7 /* JsonParsingTests.swift in Sources */ = {isa = PBXBuildFile; fileRef = B96806F32555BF2400809CD7 /* JsonParsingTests.swift */; };
		B96807512555DE5B00809CD7 /* CommitData.json in Resources */ = {isa = PBXBuildFile; fileRef = B968074E2555DE5B00809CD7 /* CommitData.json */; };
		B96807522555DE5B00809CD7 /* UserSummary.json in Resources */ = {isa = PBXBuildFile; fileRef = B968074F2555DE5B00809CD7 /* UserSummary.json */; };
		B96807532555DE5B00809CD7 /* SampleUser.json in Resources */ = {isa = PBXBuildFile; fileRef = B96807502555DE5B00809CD7 /* SampleUser.json */; };
		B968076F2555E8F400809CD7 /* Commit.json in Resources */ = {isa = PBXBuildFile; fileRef = B968076E2555E8F400809CD7 /* Commit.json */; };
		B96807742555F00400809CD7 /* Commits.json in Resources */ = {isa = PBXBuildFile; fileRef = B96807732555F00400809CD7 /* Commits.json */; };
		B968078A2555FEBD00809CD7 /* GitHubRequest.swift in Sources */ = {isa = PBXBuildFile; fileRef = B96807892555FEBD00809CD7 /* GitHubRequest.swift */; };
		B968078F2556047500809CD7 /* APIRequest.swift in Sources */ = {isa = PBXBuildFile; fileRef = B968078E2556047500809CD7 /* APIRequest.swift */; };
		B9680797255604B100809CD7 /* GitHubNetworkService.swift in Sources */ = {isa = PBXBuildFile; fileRef = B9680796255604B100809CD7 /* GitHubNetworkService.swift */; };
		B96807A2255618F600809CD7 /* NetworkError.swift in Sources */ = {isa = PBXBuildFile; fileRef = B96807A1255618F600809CD7 /* NetworkError.swift */; };
		B96807AA2556193400809CD7 /* NetworkService.swift in Sources */ = {isa = PBXBuildFile; fileRef = B96807A92556193400809CD7 /* NetworkService.swift */; };
		B96807B225561A3E00809CD7 /* NetworkServiceTests.swift in Sources */ = {isa = PBXBuildFile; fileRef = B96807B125561A3E00809CD7 /* NetworkServiceTests.swift */; };
		B96807C8255697FA00809CD7 /* Observable.swift in Sources */ = {isa = PBXBuildFile; fileRef = B96807C7255697FA00809CD7 /* Observable.swift */; };
		B97A0D7F2555631900840157 /* AppDelegate.swift in Sources */ = {isa = PBXBuildFile; fileRef = B97A0D7E2555631900840157 /* AppDelegate.swift */; };
		B97A0D812555631900840157 /* SceneDelegate.swift in Sources */ = {isa = PBXBuildFile; fileRef = B97A0D802555631900840157 /* SceneDelegate.swift */; };
		B97A0D882555631B00840157 /* Assets.xcassets in Resources */ = {isa = PBXBuildFile; fileRef = B97A0D872555631B00840157 /* Assets.xcassets */; };
		B97A0DBC255563A400840157 /* Just in Frameworks */ = {isa = PBXBuildFile; productRef = B97A0DBB255563A400840157 /* Just */; };
		B97A0DD52555660B00840157 /* StoryboardInstantiable.swift in Sources */ = {isa = PBXBuildFile; fileRef = B97A0DD42555660B00840157 /* StoryboardInstantiable.swift */; };
		B97A0DDD255566AE00840157 /* Storyboards.swift in Sources */ = {isa = PBXBuildFile; fileRef = B97A0DDC255566AE00840157 /* Storyboards.swift */; };
		B97A0DEB2555693C00840157 /* Coordinator.swift in Sources */ = {isa = PBXBuildFile; fileRef = B97A0DEA2555693C00840157 /* Coordinator.swift */; };
		B97A0DF125556E2C00840157 /* CommitsRoot.storyboard in Resources */ = {isa = PBXBuildFile; fileRef = B97A0DF025556E2C00840157 /* CommitsRoot.storyboard */; };
		B97A0DF625556E6900840157 /* CommitsRootController.swift in Sources */ = {isa = PBXBuildFile; fileRef = B97A0DF525556E6900840157 /* CommitsRootController.swift */; };
		B97A0DFB25556EB100840157 /* CommitsRootCoordinator.swift in Sources */ = {isa = PBXBuildFile; fileRef = B97A0DFA25556EB100840157 /* CommitsRootCoordinator.swift */; };
		B97A0E04255573F900840157 /* README.md in Resources */ = {isa = PBXBuildFile; fileRef = B97A0E02255573F900840157 /* README.md */; };
		B97A0E05255573F900840157 /* LICENSE in Resources */ = {isa = PBXBuildFile; fileRef = B97A0E03255573F900840157 /* LICENSE */; };
		B984C4E52557486C00EF4C4F /* UIVIewController+Extensions.swift in Sources */ = {isa = PBXBuildFile; fileRef = B984C4E42557486C00EF4C4F /* UIVIewController+Extensions.swift */; };
		B9AC4EB625603A39004D6D11 /* AppDelegate.m in Sources */ = {isa = PBXBuildFile; fileRef = B9AC4EB525603A39004D6D11 /* AppDelegate.m */; };
		B9AC4EB925603A39004D6D11 /* SceneDelegate.m in Sources */ = {isa = PBXBuildFile; fileRef = B9AC4EB825603A39004D6D11 /* SceneDelegate.m */; };
		B9AC4EC125603A3A004D6D11 /* Assets.xcassets in Resources */ = {isa = PBXBuildFile; fileRef = B9AC4EC025603A3A004D6D11 /* Assets.xcassets */; };
		B9AC4EC425603A3A004D6D11 /* LaunchScreen.storyboard in Resources */ = {isa = PBXBuildFile; fileRef = B9AC4EC225603A3A004D6D11 /* LaunchScreen.storyboard */; };
		B9AC4EC725603A3A004D6D11 /* main.m in Sources */ = {isa = PBXBuildFile; fileRef = B9AC4EC625603A3A004D6D11 /* main.m */; };
		B9AC4ED125603A3A004D6D11 /* OCCommitBrowserTests.m in Sources */ = {isa = PBXBuildFile; fileRef = B9AC4ED025603A3A004D6D11 /* OCCommitBrowserTests.m */; };
		B9AC4EF925603ACB004D6D11 /* AFNetworking in Frameworks */ = {isa = PBXBuildFile; productRef = B9AC4EF825603ACB004D6D11 /* AFNetworking */; };
		B9AC4EFE25603B57004D6D11 /* Assets.xcassets in Resources */ = {isa = PBXBuildFile; fileRef = B97A0D872555631B00840157 /* Assets.xcassets */; };
		B9AC4F2025603CAC004D6D11 /* OCCoordinator.m in Sources */ = {isa = PBXBuildFile; fileRef = B9AC4F1F25603CAC004D6D11 /* OCCoordinator.m */; };
		B9AC4F3D25604353004D6D11 /* CommitsRootsCoordinator.m in Sources */ = {isa = PBXBuildFile; fileRef = B9AC4F3C25604353004D6D11 /* CommitsRootsCoordinator.m */; };
		B9B5E7E525604B6B00F184E0 /* OCCommitsRootController.m in Sources */ = {isa = PBXBuildFile; fileRef = B9B5E7E325604B6B00F184E0 /* OCCommitsRootController.m */; };
		B9B5E7E625604B6B00F184E0 /* OCCommitsRootController.xib in Resources */ = {isa = PBXBuildFile; fileRef = B9B5E7E425604B6B00F184E0 /* OCCommitsRootController.xib */; };
		B9B5E7EF256051E400F184E0 /* OCCommitCell.xib in Resources */ = {isa = PBXBuildFile; fileRef = B9B5E7EC256051E400F184E0 /* OCCommitCell.xib */; };
		B9B5E7F0256051E400F184E0 /* OCEmptyCell.xib in Resources */ = {isa = PBXBuildFile; fileRef = B9B5E7ED256051E400F184E0 /* OCEmptyCell.xib */; };
		B9B5E7F1256051E400F184E0 /* OCFileCell.xib in Resources */ = {isa = PBXBuildFile; fileRef = B9B5E7EE256051E400F184E0 /* OCFileCell.xib */; };
		B9B5E7F82560521C00F184E0 /* OCCommitCell.m in Sources */ = {isa = PBXBuildFile; fileRef = B9B5E7F72560521C00F184E0 /* OCCommitCell.m */; };
		B9B5E80C256053CE00F184E0 /* OCGithubCommit.m in Sources */ = {isa = PBXBuildFile; fileRef = B9B5E80B256053CE00F184E0 /* OCGithubCommit.m */; };
		B9B5E8282560581400F184E0 /* Mantle in Frameworks */ = {isa = PBXBuildFile; productRef = B9B5E8272560581400F184E0 /* Mantle */; };
		B9B5E82F25605E9F00F184E0 /* OCNetworking.m in Sources */ = {isa = PBXBuildFile; fileRef = B9B5E82E25605E9F00F184E0 /* OCNetworking.m */; };
		B9B8372725588D2300E9D761 /* Appearance.swift in Sources */ = {isa = PBXBuildFile; fileRef = B9B8372625588D2300E9D761 /* Appearance.swift */; };
		B9B8372C2558910B00E9D761 /* CommitAppearance.swift in Sources */ = {isa = PBXBuildFile; fileRef = B9B8372B2558910B00E9D761 /* CommitAppearance.swift */; };
		B9B83749255894A700E9D761 /* UIFont+Extensions.swift in Sources */ = {isa = PBXBuildFile; fileRef = B9B83748255894A700E9D761 /* UIFont+Extensions.swift */; };
		B9B8374E25589C5000E9D761 /* GitHubCommitsRootViewModel.swift in Sources */ = {isa = PBXBuildFile; fileRef = B9B8374D25589C5000E9D761 /* GitHubCommitsRootViewModel.swift */; };
		B9B8375725589C8E00E9D761 /* FetchDirection.swift in Sources */ = {isa = PBXBuildFile; fileRef = B9B8375625589C8E00E9D761 /* FetchDirection.swift */; };
		B9B8376B25589D8800E9D761 /* CurrentCommits.json in Resources */ = {isa = PBXBuildFile; fileRef = B9B8376A25589D8800E9D761 /* CurrentCommits.json */; };
		B9B8377025589DF000E9D761 /* CommitsViewModelTests.swift in Sources */ = {isa = PBXBuildFile; fileRef = B9B8376F25589DF000E9D761 /* CommitsViewModelTests.swift */; };
		B9B8377525589E1600E9D761 /* MockNetworkService.swift in Sources */ = {isa = PBXBuildFile; fileRef = B9B8377425589E1600E9D761 /* MockNetworkService.swift */; };
		B9B8378425593A2700E9D761 /* File.swift in Sources */ = {isa = PBXBuildFile; fileRef = B9B8378325593A2700E9D761 /* File.swift */; };
		B9B8378925593BC400E9D761 /* GitHubFile.swift in Sources */ = {isa = PBXBuildFile; fileRef = B9B8378825593BC400E9D761 /* GitHubFile.swift */; };
		B9B837972559457100E9D761 /* CommitDetail.storyboard in Resources */ = {isa = PBXBuildFile; fileRef = B9B837962559457100E9D761 /* CommitDetail.storyboard */; };
		B9B8379C255945AD00E9D761 /* CommitDetailCoodinator.swift in Sources */ = {isa = PBXBuildFile; fileRef = B9B8379B255945AD00E9D761 /* CommitDetailCoodinator.swift */; };
		B9B837A12559461600E9D761 /* CommitDetailViewController.swift in Sources */ = {isa = PBXBuildFile; fileRef = B9B837A02559461600E9D761 /* CommitDetailViewController.swift */; };
		B9B837A72559467400E9D761 /* CommitDetailsViewModel.swift in Sources */ = {isa = PBXBuildFile; fileRef = B9B837A62559467400E9D761 /* CommitDetailsViewModel.swift */; };
		B9B837AC2559474C00E9D761 /* GitHubCommitDetailsViewModel.swift in Sources */ = {isa = PBXBuildFile; fileRef = B9B837AB2559474C00E9D761 /* GitHubCommitDetailsViewModel.swift */; };
		B9B96BCC2561128900989BA8 /* SDWebImage in Frameworks */ = {isa = PBXBuildFile; productRef = B9B96BCB2561128900989BA8 /* SDWebImage */; };
		B9CF88AC255710E5009416B8 /* EmptyCell.swift in Sources */ = {isa = PBXBuildFile; fileRef = B9CF88AA255710E5009416B8 /* EmptyCell.swift */; };
		B9CF88AD255710E5009416B8 /* EmptyCell.xib in Resources */ = {isa = PBXBuildFile; fileRef = B9CF88AB255710E5009416B8 /* EmptyCell.xib */; };
		B9CF88B3255712FC009416B8 /* CommitCell.swift in Sources */ = {isa = PBXBuildFile; fileRef = B9CF88B1255712FC009416B8 /* CommitCell.swift */; };
		B9CF88B4255712FC009416B8 /* CommitCell.xib in Resources */ = {isa = PBXBuildFile; fileRef = B9CF88B2255712FC009416B8 /* CommitCell.xib */; };
		B9D518972556B07D00600665 /* Commit.swift in Sources */ = {isa = PBXBuildFile; fileRef = B9D518962556B07D00600665 /* Commit.swift */; };
		B9D518A52556BBCA00600665 /* SwiftyJSON.swift in Sources */ = {isa = PBXBuildFile; fileRef = B9D518A42556BBCA00600665 /* SwiftyJSON.swift */; };
		B9D518AA2556BC0200600665 /* GitHubCommit.swift in Sources */ = {isa = PBXBuildFile; fileRef = B9D518A92556BC0200600665 /* GitHubCommit.swift */; };
		B9F0EA632559611C00AAFDBD /* PatchDetail.storyboard in Resources */ = {isa = PBXBuildFile; fileRef = B9F0EA622559611C00AAFDBD /* PatchDetail.storyboard */; };
		B9F0EA682559616A00AAFDBD /* PatchDetailController.swift in Sources */ = {isa = PBXBuildFile; fileRef = B9F0EA672559616A00AAFDBD /* PatchDetailController.swift */; };
		B9F0EA6D255963D400AAFDBD /* PatchDetailCoordinator.swift in Sources */ = {isa = PBXBuildFile; fileRef = B9F0EA6C255963D400AAFDBD /* PatchDetailCoordinator.swift */; };
		B9F0EA752559823C00AAFDBD /* Files.json in Resources */ = {isa = PBXBuildFile; fileRef = B9F0EA742559823C00AAFDBD /* Files.json */; };
		B9F0EA7A255982C200AAFDBD /* CommitDetailsViewModelTests.swift in Sources */ = {isa = PBXBuildFile; fileRef = B9F0EA79255982C200AAFDBD /* CommitDetailsViewModelTests.swift */; };
		B9F0EA822559834B00AAFDBD /* MockCommit.swift in Sources */ = {isa = PBXBuildFile; fileRef = B9F0EA812559834B00AAFDBD /* MockCommit.swift */; };
		B9F63F0325569D1D00919035 /* CommitsRootViewModel.swift in Sources */ = {isa = PBXBuildFile; fileRef = B9F63F0225569D1D00919035 /* CommitsRootViewModel.swift */; };
		B9FDCB9025610BA000877C85 /* Nuke in Frameworks */ = {isa = PBXBuildFile; productRef = B9FDCB8F25610BA000877C85 /* Nuke */; };
/* End PBXBuildFile section */

/* Begin PBXContainerItemProxy section */
		B97A0D922555631B00840157 /* PBXContainerItemProxy */ = {
			isa = PBXContainerItemProxy;
			containerPortal = B97A0D732555631900840157 /* Project object */;
			proxyType = 1;
			remoteGlobalIDString = B97A0D7A2555631900840157;
			remoteInfo = CommitBrowser;
		};
		B9AC4ECD25603A3A004D6D11 /* PBXContainerItemProxy */ = {
			isa = PBXContainerItemProxy;
			containerPortal = B97A0D732555631900840157 /* Project object */;
			proxyType = 1;
			remoteGlobalIDString = B9AC4EB125603A39004D6D11;
			remoteInfo = OCCommitBrowser;
		};
/* End PBXContainerItemProxy section */

/* Begin PBXFileReference section */
		B932D41F2559500C0022BBF3 /* FileCell.swift */ = {isa = PBXFileReference; lastKnownFileType = sourcecode.swift; path = FileCell.swift; sourceTree = "<group>"; };
		B932D4202559500C0022BBF3 /* FileCell.xib */ = {isa = PBXFileReference; lastKnownFileType = file.xib; path = FileCell.xib; sourceTree = "<group>"; };
		B937EB23255700FC00DC6948 /* Repository.swift */ = {isa = PBXFileReference; lastKnownFileType = sourcecode.swift; path = Repository.swift; sourceTree = "<group>"; };
		B937EB282557011800DC6948 /* Query.swift */ = {isa = PBXFileReference; lastKnownFileType = sourcecode.swift; path = Query.swift; sourceTree = "<group>"; };
		B937EB4125570C9400DC6948 /* ReusableNib.swift */ = {isa = PBXFileReference; lastKnownFileType = sourcecode.swift; path = ReusableNib.swift; sourceTree = "<group>"; };
		B96806F32555BF2400809CD7 /* JsonParsingTests.swift */ = {isa = PBXFileReference; lastKnownFileType = sourcecode.swift; path = JsonParsingTests.swift; sourceTree = "<group>"; };
		B968074E2555DE5B00809CD7 /* CommitData.json */ = {isa = PBXFileReference; fileEncoding = 4; lastKnownFileType = text.json; path = CommitData.json; sourceTree = "<group>"; };
		B968074F2555DE5B00809CD7 /* UserSummary.json */ = {isa = PBXFileReference; fileEncoding = 4; lastKnownFileType = text.json; path = UserSummary.json; sourceTree = "<group>"; };
		B96807502555DE5B00809CD7 /* SampleUser.json */ = {isa = PBXFileReference; fileEncoding = 4; lastKnownFileType = text.json; path = SampleUser.json; sourceTree = "<group>"; };
		B968076E2555E8F400809CD7 /* Commit.json */ = {isa = PBXFileReference; lastKnownFileType = text.json; path = Commit.json; sourceTree = "<group>"; };
		B96807732555F00400809CD7 /* Commits.json */ = {isa = PBXFileReference; lastKnownFileType = text.json; path = Commits.json; sourceTree = "<group>"; };
		B96807892555FEBD00809CD7 /* GitHubRequest.swift */ = {isa = PBXFileReference; lastKnownFileType = sourcecode.swift; path = GitHubRequest.swift; sourceTree = "<group>"; };
		B968078E2556047500809CD7 /* APIRequest.swift */ = {isa = PBXFileReference; lastKnownFileType = sourcecode.swift; path = APIRequest.swift; sourceTree = "<group>"; };
		B9680796255604B100809CD7 /* GitHubNetworkService.swift */ = {isa = PBXFileReference; lastKnownFileType = sourcecode.swift; path = GitHubNetworkService.swift; sourceTree = "<group>"; };
		B96807A1255618F600809CD7 /* NetworkError.swift */ = {isa = PBXFileReference; lastKnownFileType = sourcecode.swift; path = NetworkError.swift; sourceTree = "<group>"; };
		B96807A92556193400809CD7 /* NetworkService.swift */ = {isa = PBXFileReference; lastKnownFileType = sourcecode.swift; path = NetworkService.swift; sourceTree = "<group>"; };
		B96807B125561A3E00809CD7 /* NetworkServiceTests.swift */ = {isa = PBXFileReference; lastKnownFileType = sourcecode.swift; path = NetworkServiceTests.swift; sourceTree = "<group>"; };
		B96807C7255697FA00809CD7 /* Observable.swift */ = {isa = PBXFileReference; lastKnownFileType = sourcecode.swift; path = Observable.swift; sourceTree = "<group>"; };
		B97A0D7B2555631900840157 /* CommitBrowser.app */ = {isa = PBXFileReference; explicitFileType = wrapper.application; includeInIndex = 0; path = CommitBrowser.app; sourceTree = BUILT_PRODUCTS_DIR; };
		B97A0D7E2555631900840157 /* AppDelegate.swift */ = {isa = PBXFileReference; lastKnownFileType = sourcecode.swift; path = AppDelegate.swift; sourceTree = "<group>"; };
		B97A0D802555631900840157 /* SceneDelegate.swift */ = {isa = PBXFileReference; lastKnownFileType = sourcecode.swift; path = SceneDelegate.swift; sourceTree = "<group>"; };
		B97A0D872555631B00840157 /* Assets.xcassets */ = {isa = PBXFileReference; lastKnownFileType = folder.assetcatalog; path = Assets.xcassets; sourceTree = "<group>"; };
		B97A0D8A2555631B00840157 /* Base */ = {isa = PBXFileReference; lastKnownFileType = file.storyboard; name = Base; path = Base.lproj/LaunchScreen.storyboard; sourceTree = "<group>"; };
		B97A0D8C2555631B00840157 /* Info.plist */ = {isa = PBXFileReference; lastKnownFileType = text.plist.xml; path = Info.plist; sourceTree = "<group>"; };
		B97A0D912555631B00840157 /* CommitBrowserTests.xctest */ = {isa = PBXFileReference; explicitFileType = wrapper.cfbundle; includeInIndex = 0; path = CommitBrowserTests.xctest; sourceTree = BUILT_PRODUCTS_DIR; };
		B97A0D972555631B00840157 /* Info.plist */ = {isa = PBXFileReference; lastKnownFileType = text.plist.xml; path = Info.plist; sourceTree = "<group>"; };
		B97A0DD42555660B00840157 /* StoryboardInstantiable.swift */ = {isa = PBXFileReference; lastKnownFileType = sourcecode.swift; path = StoryboardInstantiable.swift; sourceTree = "<group>"; };
		B97A0DDC255566AE00840157 /* Storyboards.swift */ = {isa = PBXFileReference; lastKnownFileType = sourcecode.swift; path = Storyboards.swift; sourceTree = "<group>"; };
		B97A0DEA2555693C00840157 /* Coordinator.swift */ = {isa = PBXFileReference; lastKnownFileType = sourcecode.swift; path = Coordinator.swift; sourceTree = "<group>"; };
		B97A0DF025556E2C00840157 /* CommitsRoot.storyboard */ = {isa = PBXFileReference; lastKnownFileType = file.storyboard; path = CommitsRoot.storyboard; sourceTree = "<group>"; };
		B97A0DF525556E6900840157 /* CommitsRootController.swift */ = {isa = PBXFileReference; lastKnownFileType = sourcecode.swift; path = CommitsRootController.swift; sourceTree = "<group>"; };
		B97A0DFA25556EB100840157 /* CommitsRootCoordinator.swift */ = {isa = PBXFileReference; lastKnownFileType = sourcecode.swift; path = CommitsRootCoordinator.swift; sourceTree = "<group>"; };
		B97A0E02255573F900840157 /* README.md */ = {isa = PBXFileReference; fileEncoding = 4; lastKnownFileType = net.daringfireball.markdown; path = README.md; sourceTree = "<group>"; };
		B97A0E03255573F900840157 /* LICENSE */ = {isa = PBXFileReference; fileEncoding = 4; lastKnownFileType = text; path = LICENSE; sourceTree = "<group>"; };
		B984C4E42557486C00EF4C4F /* UIVIewController+Extensions.swift */ = {isa = PBXFileReference; lastKnownFileType = sourcecode.swift; path = "UIVIewController+Extensions.swift"; sourceTree = "<group>"; };
		B9AC4EB225603A39004D6D11 /* OCCommitBrowser.app */ = {isa = PBXFileReference; explicitFileType = wrapper.application; includeInIndex = 0; path = OCCommitBrowser.app; sourceTree = BUILT_PRODUCTS_DIR; };
		B9AC4EB425603A39004D6D11 /* AppDelegate.h */ = {isa = PBXFileReference; lastKnownFileType = sourcecode.c.h; path = AppDelegate.h; sourceTree = "<group>"; };
		B9AC4EB525603A39004D6D11 /* AppDelegate.m */ = {isa = PBXFileReference; lastKnownFileType = sourcecode.c.objc; path = AppDelegate.m; sourceTree = "<group>"; };
		B9AC4EB725603A39004D6D11 /* SceneDelegate.h */ = {isa = PBXFileReference; lastKnownFileType = sourcecode.c.h; path = SceneDelegate.h; sourceTree = "<group>"; };
		B9AC4EB825603A39004D6D11 /* SceneDelegate.m */ = {isa = PBXFileReference; lastKnownFileType = sourcecode.c.objc; path = SceneDelegate.m; sourceTree = "<group>"; };
		B9AC4EC025603A3A004D6D11 /* Assets.xcassets */ = {isa = PBXFileReference; lastKnownFileType = folder.assetcatalog; path = Assets.xcassets; sourceTree = "<group>"; };
		B9AC4EC325603A3A004D6D11 /* Base */ = {isa = PBXFileReference; lastKnownFileType = file.storyboard; name = Base; path = Base.lproj/LaunchScreen.storyboard; sourceTree = "<group>"; };
		B9AC4EC525603A3A004D6D11 /* Info.plist */ = {isa = PBXFileReference; lastKnownFileType = text.plist.xml; path = Info.plist; sourceTree = "<group>"; };
		B9AC4EC625603A3A004D6D11 /* main.m */ = {isa = PBXFileReference; lastKnownFileType = sourcecode.c.objc; path = main.m; sourceTree = "<group>"; };
		B9AC4ECC25603A3A004D6D11 /* OCCommitBrowserTests.xctest */ = {isa = PBXFileReference; explicitFileType = wrapper.cfbundle; includeInIndex = 0; path = OCCommitBrowserTests.xctest; sourceTree = BUILT_PRODUCTS_DIR; };
		B9AC4ED025603A3A004D6D11 /* OCCommitBrowserTests.m */ = {isa = PBXFileReference; lastKnownFileType = sourcecode.c.objc; path = OCCommitBrowserTests.m; sourceTree = "<group>"; };
		B9AC4ED225603A3A004D6D11 /* Info.plist */ = {isa = PBXFileReference; lastKnownFileType = text.plist.xml; path = Info.plist; sourceTree = "<group>"; };
		B9AC4EDB25603A3B004D6D11 /* OCCommitBrowserUITests.m */ = {isa = PBXFileReference; lastKnownFileType = sourcecode.c.objc; path = OCCommitBrowserUITests.m; sourceTree = "<group>"; };
		B9AC4EDD25603A3B004D6D11 /* Info.plist */ = {isa = PBXFileReference; lastKnownFileType = text.plist.xml; path = Info.plist; sourceTree = "<group>"; };
		B9AC4F1E25603CAC004D6D11 /* OCCoordinator.h */ = {isa = PBXFileReference; lastKnownFileType = sourcecode.c.h; path = OCCoordinator.h; sourceTree = "<group>"; };
		B9AC4F1F25603CAC004D6D11 /* OCCoordinator.m */ = {isa = PBXFileReference; lastKnownFileType = sourcecode.c.objc; path = OCCoordinator.m; sourceTree = "<group>"; };
		B9AC4F3B25604353004D6D11 /* CommitsRootsCoordinator.h */ = {isa = PBXFileReference; lastKnownFileType = sourcecode.c.h; path = CommitsRootsCoordinator.h; sourceTree = "<group>"; };
		B9AC4F3C25604353004D6D11 /* CommitsRootsCoordinator.m */ = {isa = PBXFileReference; lastKnownFileType = sourcecode.c.objc; path = CommitsRootsCoordinator.m; sourceTree = "<group>"; };
		B9B5E7E225604B6B00F184E0 /* OCCommitsRootController.h */ = {isa = PBXFileReference; lastKnownFileType = sourcecode.c.h; path = OCCommitsRootController.h; sourceTree = "<group>"; };
		B9B5E7E325604B6B00F184E0 /* OCCommitsRootController.m */ = {isa = PBXFileReference; lastKnownFileType = sourcecode.c.objc; path = OCCommitsRootController.m; sourceTree = "<group>"; };
		B9B5E7E425604B6B00F184E0 /* OCCommitsRootController.xib */ = {isa = PBXFileReference; lastKnownFileType = file.xib; path = OCCommitsRootController.xib; sourceTree = "<group>"; };
		B9B5E7EC256051E400F184E0 /* OCCommitCell.xib */ = {isa = PBXFileReference; fileEncoding = 4; lastKnownFileType = file.xib; path = OCCommitCell.xib; sourceTree = "<group>"; };
		B9B5E7ED256051E400F184E0 /* OCEmptyCell.xib */ = {isa = PBXFileReference; fileEncoding = 4; lastKnownFileType = file.xib; path = OCEmptyCell.xib; sourceTree = "<group>"; };
		B9B5E7EE256051E400F184E0 /* OCFileCell.xib */ = {isa = PBXFileReference; fileEncoding = 4; lastKnownFileType = file.xib; path = OCFileCell.xib; sourceTree = "<group>"; };
		B9B5E7F62560521C00F184E0 /* OCCommitCell.h */ = {isa = PBXFileReference; lastKnownFileType = sourcecode.c.h; path = OCCommitCell.h; sourceTree = "<group>"; };
		B9B5E7F72560521C00F184E0 /* OCCommitCell.m */ = {isa = PBXFileReference; lastKnownFileType = sourcecode.c.objc; path = OCCommitCell.m; sourceTree = "<group>"; };
		B9B5E805256052CB00F184E0 /* OCCommit.h */ = {isa = PBXFileReference; lastKnownFileType = sourcecode.c.h; path = OCCommit.h; sourceTree = "<group>"; };
		B9B5E80A256053CE00F184E0 /* OCGithubCommit.h */ = {isa = PBXFileReference; lastKnownFileType = sourcecode.c.h; path = OCGithubCommit.h; sourceTree = "<group>"; };
		B9B5E80B256053CE00F184E0 /* OCGithubCommit.m */ = {isa = PBXFileReference; lastKnownFileType = sourcecode.c.objc; path = OCGithubCommit.m; sourceTree = "<group>"; };
		B9B5E82D25605E9F00F184E0 /* OCNetworking.h */ = {isa = PBXFileReference; lastKnownFileType = sourcecode.c.h; path = OCNetworking.h; sourceTree = "<group>"; };
		B9B5E82E25605E9F00F184E0 /* OCNetworking.m */ = {isa = PBXFileReference; lastKnownFileType = sourcecode.c.objc; path = OCNetworking.m; sourceTree = "<group>"; };
		B9B8372625588D2300E9D761 /* Appearance.swift */ = {isa = PBXFileReference; lastKnownFileType = sourcecode.swift; path = Appearance.swift; sourceTree = "<group>"; };
		B9B8372B2558910B00E9D761 /* CommitAppearance.swift */ = {isa = PBXFileReference; lastKnownFileType = sourcecode.swift; path = CommitAppearance.swift; sourceTree = "<group>"; };
		B9B83748255894A700E9D761 /* UIFont+Extensions.swift */ = {isa = PBXFileReference; lastKnownFileType = sourcecode.swift; path = "UIFont+Extensions.swift"; sourceTree = "<group>"; };
		B9B8374D25589C5000E9D761 /* GitHubCommitsRootViewModel.swift */ = {isa = PBXFileReference; lastKnownFileType = sourcecode.swift; path = GitHubCommitsRootViewModel.swift; sourceTree = "<group>"; };
		B9B8375625589C8E00E9D761 /* FetchDirection.swift */ = {isa = PBXFileReference; lastKnownFileType = sourcecode.swift; path = FetchDirection.swift; sourceTree = "<group>"; };
		B9B8376A25589D8800E9D761 /* CurrentCommits.json */ = {isa = PBXFileReference; lastKnownFileType = text.json; path = CurrentCommits.json; sourceTree = "<group>"; };
		B9B8376F25589DF000E9D761 /* CommitsViewModelTests.swift */ = {isa = PBXFileReference; lastKnownFileType = sourcecode.swift; path = CommitsViewModelTests.swift; sourceTree = "<group>"; };
		B9B8377425589E1600E9D761 /* MockNetworkService.swift */ = {isa = PBXFileReference; lastKnownFileType = sourcecode.swift; path = MockNetworkService.swift; sourceTree = "<group>"; };
		B9B8378325593A2700E9D761 /* File.swift */ = {isa = PBXFileReference; lastKnownFileType = sourcecode.swift; path = File.swift; sourceTree = "<group>"; };
		B9B8378825593BC400E9D761 /* GitHubFile.swift */ = {isa = PBXFileReference; lastKnownFileType = sourcecode.swift; path = GitHubFile.swift; sourceTree = "<group>"; };
		B9B837962559457100E9D761 /* CommitDetail.storyboard */ = {isa = PBXFileReference; lastKnownFileType = file.storyboard; path = CommitDetail.storyboard; sourceTree = "<group>"; };
		B9B8379B255945AD00E9D761 /* CommitDetailCoodinator.swift */ = {isa = PBXFileReference; lastKnownFileType = sourcecode.swift; path = CommitDetailCoodinator.swift; sourceTree = "<group>"; };
		B9B837A02559461600E9D761 /* CommitDetailViewController.swift */ = {isa = PBXFileReference; lastKnownFileType = sourcecode.swift; path = CommitDetailViewController.swift; sourceTree = "<group>"; };
		B9B837A62559467400E9D761 /* CommitDetailsViewModel.swift */ = {isa = PBXFileReference; lastKnownFileType = sourcecode.swift; path = CommitDetailsViewModel.swift; sourceTree = "<group>"; };
		B9B837AB2559474C00E9D761 /* GitHubCommitDetailsViewModel.swift */ = {isa = PBXFileReference; lastKnownFileType = sourcecode.swift; path = GitHubCommitDetailsViewModel.swift; sourceTree = "<group>"; };
		B9CF88AA255710E5009416B8 /* EmptyCell.swift */ = {isa = PBXFileReference; lastKnownFileType = sourcecode.swift; path = EmptyCell.swift; sourceTree = "<group>"; };
		B9CF88AB255710E5009416B8 /* EmptyCell.xib */ = {isa = PBXFileReference; lastKnownFileType = file.xib; path = EmptyCell.xib; sourceTree = "<group>"; };
		B9CF88B1255712FC009416B8 /* CommitCell.swift */ = {isa = PBXFileReference; lastKnownFileType = sourcecode.swift; path = CommitCell.swift; sourceTree = "<group>"; };
		B9CF88B2255712FC009416B8 /* CommitCell.xib */ = {isa = PBXFileReference; lastKnownFileType = file.xib; path = CommitCell.xib; sourceTree = "<group>"; };
		B9D518962556B07D00600665 /* Commit.swift */ = {isa = PBXFileReference; lastKnownFileType = sourcecode.swift; path = Commit.swift; sourceTree = "<group>"; };
		B9D518A42556BBCA00600665 /* SwiftyJSON.swift */ = {isa = PBXFileReference; fileEncoding = 4; lastKnownFileType = sourcecode.swift; path = SwiftyJSON.swift; sourceTree = "<group>"; };
		B9D518A92556BC0200600665 /* GitHubCommit.swift */ = {isa = PBXFileReference; lastKnownFileType = sourcecode.swift; path = GitHubCommit.swift; sourceTree = "<group>"; };
		B9F0EA622559611C00AAFDBD /* PatchDetail.storyboard */ = {isa = PBXFileReference; lastKnownFileType = file.storyboard; path = PatchDetail.storyboard; sourceTree = "<group>"; };
		B9F0EA672559616A00AAFDBD /* PatchDetailController.swift */ = {isa = PBXFileReference; lastKnownFileType = sourcecode.swift; path = PatchDetailController.swift; sourceTree = "<group>"; };
		B9F0EA6C255963D400AAFDBD /* PatchDetailCoordinator.swift */ = {isa = PBXFileReference; lastKnownFileType = sourcecode.swift; path = PatchDetailCoordinator.swift; sourceTree = "<group>"; };
		B9F0EA742559823C00AAFDBD /* Files.json */ = {isa = PBXFileReference; lastKnownFileType = text.json; path = Files.json; sourceTree = "<group>"; };
		B9F0EA79255982C200AAFDBD /* CommitDetailsViewModelTests.swift */ = {isa = PBXFileReference; lastKnownFileType = sourcecode.swift; path = CommitDetailsViewModelTests.swift; sourceTree = "<group>"; };
		B9F0EA812559834B00AAFDBD /* MockCommit.swift */ = {isa = PBXFileReference; lastKnownFileType = sourcecode.swift; path = MockCommit.swift; sourceTree = "<group>"; };
		B9F63F0225569D1D00919035 /* CommitsRootViewModel.swift */ = {isa = PBXFileReference; lastKnownFileType = sourcecode.swift; path = CommitsRootViewModel.swift; sourceTree = "<group>"; };
/* End PBXFileReference section */

/* Begin PBXFrameworksBuildPhase section */
		B97A0D782555631900840157 /* Frameworks */ = {
			isa = PBXFrameworksBuildPhase;
			buildActionMask = 2147483647;
			files = (
				B97A0DBC255563A400840157 /* Just in Frameworks */,
				B9FDCB9025610BA000877C85 /* Nuke in Frameworks */,
			);
			runOnlyForDeploymentPostprocessing = 0;
		};
		B97A0D8E2555631B00840157 /* Frameworks */ = {
			isa = PBXFrameworksBuildPhase;
			buildActionMask = 2147483647;
			files = (
			);
			runOnlyForDeploymentPostprocessing = 0;
		};
		B9AC4EAF25603A39004D6D11 /* Frameworks */ = {
			isa = PBXFrameworksBuildPhase;
			buildActionMask = 2147483647;
			files = (
				B9B96BCC2561128900989BA8 /* SDWebImage in Frameworks */,
				B9AC4EF925603ACB004D6D11 /* AFNetworking in Frameworks */,
				B9B5E8282560581400F184E0 /* Mantle in Frameworks */,
			);
			runOnlyForDeploymentPostprocessing = 0;
		};
		B9AC4EC925603A3A004D6D11 /* Frameworks */ = {
			isa = PBXFrameworksBuildPhase;
			buildActionMask = 2147483647;
			files = (
			);
			runOnlyForDeploymentPostprocessing = 0;
		};
/* End PBXFrameworksBuildPhase section */

/* Begin PBXGroup section */
		B96806E52555B9E500809CD7 /* Protocols */ = {
			isa = PBXGroup;
			children = (
				B9D518962556B07D00600665 /* Commit.swift */,
				B9B8378325593A2700E9D761 /* File.swift */,
			);
			path = Protocols;
			sourceTree = "<group>";
		};
		B968074D2555DE5B00809CD7 /* jsons */ = {
			isa = PBXGroup;
			children = (
				B968074E2555DE5B00809CD7 /* CommitData.json */,
				B968074F2555DE5B00809CD7 /* UserSummary.json */,
				B96807502555DE5B00809CD7 /* SampleUser.json */,
				B968076E2555E8F400809CD7 /* Commit.json */,
				B96807732555F00400809CD7 /* Commits.json */,
				B9B8376A25589D8800E9D761 /* CurrentCommits.json */,
				B9F0EA742559823C00AAFDBD /* Files.json */,
			);
			path = jsons;
			sourceTree = "<group>";
		};
		B96807782555F10700809CD7 /* ViewModel */ = {
			isa = PBXGroup;
			children = (
				B9B837A52559465100E9D761 /* CommitsDetails */,
				B9B8375B25589CBE00E9D761 /* CommitsRootViewModel */,
			);
			path = ViewModel;
			sourceTree = "<group>";
		};
		B96807B925561E7B00809CD7 /* Protocols */ = {
			isa = PBXGroup;
			children = (
				B968078E2556047500809CD7 /* APIRequest.swift */,
				B96807A92556193400809CD7 /* NetworkService.swift */,
			);
			path = Protocols;
			sourceTree = "<group>";
		};
		B96807C6255697D800809CD7 /* GitHub */ = {
			isa = PBXGroup;
			children = (
				B96806E52555B9E500809CD7 /* Protocols */,
				B9D518A92556BC0200600665 /* GitHubCommit.swift */,
				B9B8378825593BC400E9D761 /* GitHubFile.swift */,
			);
			path = GitHub;
			sourceTree = "<group>";
		};
		B97A0D722555631900840157 = {
			isa = PBXGroup;
			children = (
				B97A0E03255573F900840157 /* LICENSE */,
				B97A0E02255573F900840157 /* README.md */,
				B9AC4EF625603AA8004D6D11 /* Common */,
				B97A0D7D2555631900840157 /* CommitBrowser */,
				B97A0D942555631B00840157 /* CommitBrowserTests */,
				B9AC4EB325603A39004D6D11 /* OCCommitBrowser */,
				B9AC4ECF25603A3A004D6D11 /* OCCommitBrowserTests */,
				B9AC4EDA25603A3B004D6D11 /* OCCommitBrowserUITests */,
				B97A0D7C2555631900840157 /* Products */,
				B9B5E8112560570300F184E0 /* Frameworks */,
			);
			sourceTree = "<group>";
		};
		B97A0D7C2555631900840157 /* Products */ = {
			isa = PBXGroup;
			children = (
				B97A0D7B2555631900840157 /* CommitBrowser.app */,
				B97A0D912555631B00840157 /* CommitBrowserTests.xctest */,
				B9AC4EB225603A39004D6D11 /* OCCommitBrowser.app */,
				B9AC4ECC25603A3A004D6D11 /* OCCommitBrowserTests.xctest */,
			);
			name = Products;
			sourceTree = "<group>";
		};
		B97A0D7D2555631900840157 /* CommitBrowser */ = {
			isa = PBXGroup;
			children = (
				B97A0DC62555641100840157 /* Application */,
				B9B8375525589C7800E9D761 /* Enumerators */,
				B984C4E32557485500EF4C4F /* Extensions */,
				B97A0DD22555651F00840157 /* Helpers */,
				B97A0DCC2555648600840157 /* Model */,
				B97A0DD32555654100840157 /* Networking */,
				B97A0DCA2555642700840157 /* Resources */,
				B97A0DCB2555646600840157 /* Scenes */,
				B96807782555F10700809CD7 /* ViewModel */,
				B97A0DCD255564A600840157 /* Views */,
			);
			path = CommitBrowser;
			sourceTree = "<group>";
		};
		B97A0D942555631B00840157 /* CommitBrowserTests */ = {
			isa = PBXGroup;
			children = (
				B9F0EA79255982C200AAFDBD /* CommitDetailsViewModelTests.swift */,
				B9B8376F25589DF000E9D761 /* CommitsViewModelTests.swift */,
				B97A0D972555631B00840157 /* Info.plist */,
				B96806F32555BF2400809CD7 /* JsonParsingTests.swift */,
				B968074D2555DE5B00809CD7 /* jsons */,
				B9B8377F2558AB4200E9D761 /* Mocks */,
				B96807B125561A3E00809CD7 /* NetworkServiceTests.swift */,
			);
			path = CommitBrowserTests;
			sourceTree = "<group>";
		};
		B97A0DC62555641100840157 /* Application */ = {
			isa = PBXGroup;
			children = (
				B97A0D7E2555631900840157 /* AppDelegate.swift */,
				B97A0D802555631900840157 /* SceneDelegate.swift */,
			);
			path = Application;
			sourceTree = "<group>";
		};
		B97A0DCA2555642700840157 /* Resources */ = {
			isa = PBXGroup;
			children = (
				B97A0D8C2555631B00840157 /* Info.plist */,
			);
			path = Resources;
			sourceTree = "<group>";
		};
		B97A0DCB2555646600840157 /* Scenes */ = {
			isa = PBXGroup;
			children = (
				B9F0EA612559610000AAFDBD /* PatchDetail */,
				B9B837952559455D00E9D761 /* CommitsDetail */,
				B97A0DEF25556E0C00840157 /* CommitsRoot */,
			);
			path = Scenes;
			sourceTree = "<group>";
		};
		B97A0DCC2555648600840157 /* Model */ = {
			isa = PBXGroup;
			children = (
				B96807C6255697D800809CD7 /* GitHub */,
				B97A0DEA2555693C00840157 /* Coordinator.swift */,
				B96807C7255697FA00809CD7 /* Observable.swift */,
			);
			path = Model;
			sourceTree = "<group>";
		};
		B97A0DCD255564A600840157 /* Views */ = {
			isa = PBXGroup;
			children = (
				B9CF88B1255712FC009416B8 /* CommitCell.swift */,
				B9CF88B2255712FC009416B8 /* CommitCell.xib */,
				B9CF88AA255710E5009416B8 /* EmptyCell.swift */,
				B9CF88AB255710E5009416B8 /* EmptyCell.xib */,
				B932D41F2559500C0022BBF3 /* FileCell.swift */,
				B932D4202559500C0022BBF3 /* FileCell.xib */,
			);
			path = Views;
			sourceTree = "<group>";
		};
		B97A0DD22555651F00840157 /* Helpers */ = {
			isa = PBXGroup;
			children = (
				B9B8372625588D2300E9D761 /* Appearance.swift */,
				B9B8372B2558910B00E9D761 /* CommitAppearance.swift */,
				B937EB4125570C9400DC6948 /* ReusableNib.swift */,
				B97A0DD42555660B00840157 /* StoryboardInstantiable.swift */,
				B9D518A42556BBCA00600665 /* SwiftyJSON.swift */,
			);
			path = Helpers;
			sourceTree = "<group>";
		};
		B97A0DD32555654100840157 /* Networking */ = {
			isa = PBXGroup;
			children = (
				B96807B925561E7B00809CD7 /* Protocols */,
				B9680796255604B100809CD7 /* GitHubNetworkService.swift */,
				B96807892555FEBD00809CD7 /* GitHubRequest.swift */,
				B96807A1255618F600809CD7 /* NetworkError.swift */,
				B937EB282557011800DC6948 /* Query.swift */,
				B937EB23255700FC00DC6948 /* Repository.swift */,
			);
			path = Networking;
			sourceTree = "<group>";
		};
		B97A0DEF25556E0C00840157 /* CommitsRoot */ = {
			isa = PBXGroup;
			children = (
				B97A0DF025556E2C00840157 /* CommitsRoot.storyboard */,
				B97A0DF525556E6900840157 /* CommitsRootController.swift */,
				B97A0DFA25556EB100840157 /* CommitsRootCoordinator.swift */,
			);
			path = CommitsRoot;
			sourceTree = "<group>";
		};
		B984C4E32557485500EF4C4F /* Extensions */ = {
			isa = PBXGroup;
			children = (
				B984C4E42557486C00EF4C4F /* UIVIewController+Extensions.swift */,
				B9B83748255894A700E9D761 /* UIFont+Extensions.swift */,
			);
			path = Extensions;
			sourceTree = "<group>";
		};
		B9AC4EB325603A39004D6D11 /* OCCommitBrowser */ = {
			isa = PBXGroup;
			children = (
				B9AC4F0425603B6D004D6D11 /* Application */,
				B9AC4F1D25603C86004D6D11 /* Model */,
				B9AC4F0925603B7C004D6D11 /* Scenes */,
				B9B5E7EB256051C100F184E0 /* Views */,
				B9AC4EC025603A3A004D6D11 /* Assets.xcassets */,
				B9AC4EC225603A3A004D6D11 /* LaunchScreen.storyboard */,
				B9AC4EC525603A3A004D6D11 /* Info.plist */,
				B9AC4EC625603A3A004D6D11 /* main.m */,
			);
			path = OCCommitBrowser;
			sourceTree = "<group>";
		};
		B9AC4ECF25603A3A004D6D11 /* OCCommitBrowserTests */ = {
			isa = PBXGroup;
			children = (
				B9AC4ED025603A3A004D6D11 /* OCCommitBrowserTests.m */,
				B9AC4ED225603A3A004D6D11 /* Info.plist */,
			);
			path = OCCommitBrowserTests;
			sourceTree = "<group>";
		};
		B9AC4EDA25603A3B004D6D11 /* OCCommitBrowserUITests */ = {
			isa = PBXGroup;
			children = (
				B9AC4EDB25603A3B004D6D11 /* OCCommitBrowserUITests.m */,
				B9AC4EDD25603A3B004D6D11 /* Info.plist */,
			);
			path = OCCommitBrowserUITests;
			sourceTree = "<group>";
		};
		B9AC4EF625603AA8004D6D11 /* Common */ = {
			isa = PBXGroup;
			children = (
				B9AC4EFD25603B4F004D6D11 /* Resources */,
			);
			path = Common;
			sourceTree = "<group>";
		};
		B9AC4EFD25603B4F004D6D11 /* Resources */ = {
			isa = PBXGroup;
			children = (
				B97A0D872555631B00840157 /* Assets.xcassets */,
				B97A0D892555631B00840157 /* LaunchScreen.storyboard */,
			);
			path = Resources;
			sourceTree = "<group>";
		};
		B9AC4F0425603B6D004D6D11 /* Application */ = {
			isa = PBXGroup;
			children = (
				B9AC4EB425603A39004D6D11 /* AppDelegate.h */,
				B9AC4EB525603A39004D6D11 /* AppDelegate.m */,
				B9AC4EB725603A39004D6D11 /* SceneDelegate.h */,
				B9AC4EB825603A39004D6D11 /* SceneDelegate.m */,
			);
			path = Application;
			sourceTree = "<group>";
		};
		B9AC4F0925603B7C004D6D11 /* Scenes */ = {
			isa = PBXGroup;
			children = (
				B9B5E83425606B5200F184E0 /* CommitsRoot */,
			);
			path = Scenes;
			sourceTree = "<group>";
		};
		B9AC4F1D25603C86004D6D11 /* Model */ = {
			isa = PBXGroup;
			children = (
				B9AC4F1E25603CAC004D6D11 /* OCCoordinator.h */,
				B9AC4F1F25603CAC004D6D11 /* OCCoordinator.m */,
				B9B5E805256052CB00F184E0 /* OCCommit.h */,
				B9B5E80A256053CE00F184E0 /* OCGithubCommit.h */,
				B9B5E80B256053CE00F184E0 /* OCGithubCommit.m */,
				B9B5E82D25605E9F00F184E0 /* OCNetworking.h */,
				B9B5E82E25605E9F00F184E0 /* OCNetworking.m */,
			);
			path = Model;
			sourceTree = "<group>";
		};
		B9B5E7EB256051C100F184E0 /* Views */ = {
			isa = PBXGroup;
			children = (
				B9FDCB772561095A00877C85 /* OCCommit */,
				B9B5E7ED256051E400F184E0 /* OCEmptyCell.xib */,
				B9B5E7EE256051E400F184E0 /* OCFileCell.xib */,
			);
			path = Views;
			sourceTree = "<group>";
		};
		B9B5E8112560570300F184E0 /* Frameworks */ = {
			isa = PBXGroup;
			children = (
			);
			name = Frameworks;
			sourceTree = "<group>";
		};
		B9B5E83425606B5200F184E0 /* CommitsRoot */ = {
			isa = PBXGroup;
			children = (
				B9AC4F3B25604353004D6D11 /* CommitsRootsCoordinator.h */,
				B9AC4F3C25604353004D6D11 /* CommitsRootsCoordinator.m */,
				B9B5E7E225604B6B00F184E0 /* OCCommitsRootController.h */,
				B9B5E7E325604B6B00F184E0 /* OCCommitsRootController.m */,
				B9B5E7E425604B6B00F184E0 /* OCCommitsRootController.xib */,
			);
			path = CommitsRoot;
			sourceTree = "<group>";
		};
		B9B8375525589C7800E9D761 /* Enumerators */ = {
			isa = PBXGroup;
			children = (
				B97A0DDC255566AE00840157 /* Storyboards.swift */,
				B9B8375625589C8E00E9D761 /* FetchDirection.swift */,
			);
			path = Enumerators;
			sourceTree = "<group>";
		};
		B9B8375B25589CBE00E9D761 /* CommitsRootViewModel */ = {
			isa = PBXGroup;
			children = (
				B9F63F0225569D1D00919035 /* CommitsRootViewModel.swift */,
				B9B8374D25589C5000E9D761 /* GitHubCommitsRootViewModel.swift */,
			);
			path = CommitsRootViewModel;
			sourceTree = "<group>";
		};
		B9B8377F2558AB4200E9D761 /* Mocks */ = {
			isa = PBXGroup;
			children = (
				B9B8377425589E1600E9D761 /* MockNetworkService.swift */,
				B9F0EA812559834B00AAFDBD /* MockCommit.swift */,
			);
			path = Mocks;
			sourceTree = "<group>";
		};
		B9B837952559455D00E9D761 /* CommitsDetail */ = {
			isa = PBXGroup;
			children = (
				B9B837962559457100E9D761 /* CommitDetail.storyboard */,
				B9B8379B255945AD00E9D761 /* CommitDetailCoodinator.swift */,
				B9B837A02559461600E9D761 /* CommitDetailViewController.swift */,
			);
			path = CommitsDetail;
			sourceTree = "<group>";
		};
		B9B837A52559465100E9D761 /* CommitsDetails */ = {
			isa = PBXGroup;
			children = (
				B9B837A62559467400E9D761 /* CommitDetailsViewModel.swift */,
				B9B837AB2559474C00E9D761 /* GitHubCommitDetailsViewModel.swift */,
			);
			path = CommitsDetails;
			sourceTree = "<group>";
		};
		B9F0EA612559610000AAFDBD /* PatchDetail */ = {
			isa = PBXGroup;
			children = (
				B9F0EA622559611C00AAFDBD /* PatchDetail.storyboard */,
				B9F0EA672559616A00AAFDBD /* PatchDetailController.swift */,
				B9F0EA6C255963D400AAFDBD /* PatchDetailCoordinator.swift */,
			);
			path = PatchDetail;
			sourceTree = "<group>";
		};
		B9FDCB772561095A00877C85 /* OCCommit */ = {
			isa = PBXGroup;
			children = (
				B9B5E7F62560521C00F184E0 /* OCCommitCell.h */,
				B9B5E7F72560521C00F184E0 /* OCCommitCell.m */,
				B9B5E7EC256051E400F184E0 /* OCCommitCell.xib */,
			);
			path = OCCommit;
			sourceTree = "<group>";
		};
/* End PBXGroup section */

/* Begin PBXNativeTarget section */
		B97A0D7A2555631900840157 /* CommitBrowser */ = {
			isa = PBXNativeTarget;
			buildConfigurationList = B97A0DA52555631B00840157 /* Build configuration list for PBXNativeTarget "CommitBrowser" */;
			buildPhases = (
				B97A0D772555631900840157 /* Sources */,
				B97A0D782555631900840157 /* Frameworks */,
				B97A0D792555631900840157 /* Resources */,
			);
			buildRules = (
			);
			dependencies = (
			);
			name = CommitBrowser;
			packageProductDependencies = (
				B97A0DBB255563A400840157 /* Just */,
				B9FDCB8F25610BA000877C85 /* Nuke */,
			);
			productName = CommitBrowser;
			productReference = B97A0D7B2555631900840157 /* CommitBrowser.app */;
			productType = "com.apple.product-type.application";
		};
		B97A0D902555631B00840157 /* CommitBrowserTests */ = {
			isa = PBXNativeTarget;
			buildConfigurationList = B97A0DA82555631B00840157 /* Build configuration list for PBXNativeTarget "CommitBrowserTests" */;
			buildPhases = (
				B97A0D8D2555631B00840157 /* Sources */,
				B97A0D8E2555631B00840157 /* Frameworks */,
				B97A0D8F2555631B00840157 /* Resources */,
			);
			buildRules = (
			);
			dependencies = (
				B97A0D932555631B00840157 /* PBXTargetDependency */,
			);
			name = CommitBrowserTests;
			productName = CommitBrowserTests;
			productReference = B97A0D912555631B00840157 /* CommitBrowserTests.xctest */;
			productType = "com.apple.product-type.bundle.unit-test";
		};
		B9AC4EB125603A39004D6D11 /* OCCommitBrowser */ = {
			isa = PBXNativeTarget;
			buildConfigurationList = B9AC4EDE25603A3B004D6D11 /* Build configuration list for PBXNativeTarget "OCCommitBrowser" */;
			buildPhases = (
				B9AC4EAE25603A39004D6D11 /* Sources */,
				B9AC4EAF25603A39004D6D11 /* Frameworks */,
				B9AC4EB025603A39004D6D11 /* Resources */,
			);
			buildRules = (
			);
			dependencies = (
			);
			name = OCCommitBrowser;
			packageProductDependencies = (
				B9AC4EF825603ACB004D6D11 /* AFNetworking */,
				B9B5E8272560581400F184E0 /* Mantle */,
				B9B96BCB2561128900989BA8 /* SDWebImage */,
			);
			productName = OCCommitBrowser;
			productReference = B9AC4EB225603A39004D6D11 /* OCCommitBrowser.app */;
			productType = "com.apple.product-type.application";
		};
		B9AC4ECB25603A3A004D6D11 /* OCCommitBrowserTests */ = {
			isa = PBXNativeTarget;
			buildConfigurationList = B9AC4EE125603A3B004D6D11 /* Build configuration list for PBXNativeTarget "OCCommitBrowserTests" */;
			buildPhases = (
				B9AC4EC825603A3A004D6D11 /* Sources */,
				B9AC4EC925603A3A004D6D11 /* Frameworks */,
				B9AC4ECA25603A3A004D6D11 /* Resources */,
			);
			buildRules = (
			);
			dependencies = (
				B9AC4ECE25603A3A004D6D11 /* PBXTargetDependency */,
			);
			name = OCCommitBrowserTests;
			productName = OCCommitBrowserTests;
			productReference = B9AC4ECC25603A3A004D6D11 /* OCCommitBrowserTests.xctest */;
			productType = "com.apple.product-type.bundle.unit-test";
		};
/* End PBXNativeTarget section */

/* Begin PBXProject section */
		B97A0D732555631900840157 /* Project object */ = {
			isa = PBXProject;
			attributes = {
				LastSwiftUpdateCheck = 1210;
				LastUpgradeCheck = 1210;
				TargetAttributes = {
					B97A0D7A2555631900840157 = {
						CreatedOnToolsVersion = 12.1;
					};
					B97A0D902555631B00840157 = {
						CreatedOnToolsVersion = 12.1;
						TestTargetID = B97A0D7A2555631900840157;
					};
					B9AC4EB125603A39004D6D11 = {
						CreatedOnToolsVersion = 12.2;
					};
					B9AC4ECB25603A3A004D6D11 = {
						CreatedOnToolsVersion = 12.2;
						TestTargetID = B9AC4EB125603A39004D6D11;
					};
				};
			};
			buildConfigurationList = B97A0D762555631900840157 /* Build configuration list for PBXProject "CommitBrowser" */;
			compatibilityVersion = "Xcode 9.3";
			developmentRegion = en;
			hasScannedForEncodings = 0;
			knownRegions = (
				en,
				Base,
			);
			mainGroup = B97A0D722555631900840157;
			packageReferences = (
				B97A0DBA255563A400840157 /* XCRemoteSwiftPackageReference "Just" */,
				B9AC4EF725603ACB004D6D11 /* XCRemoteSwiftPackageReference "AFNetworking" */,
				B9B5E8262560581400F184E0 /* XCRemoteSwiftPackageReference "Mantle" */,
				B9FDCB8E25610BA000877C85 /* XCRemoteSwiftPackageReference "Nuke" */,
				B9B96BCA2561128900989BA8 /* XCRemoteSwiftPackageReference "SDWebImage" */,
			);
			productRefGroup = B97A0D7C2555631900840157 /* Products */;
			projectDirPath = "";
			projectRoot = "";
			targets = (
				B97A0D7A2555631900840157 /* CommitBrowser */,
				B97A0D902555631B00840157 /* CommitBrowserTests */,
				B9AC4EB125603A39004D6D11 /* OCCommitBrowser */,
				B9AC4ECB25603A3A004D6D11 /* OCCommitBrowserTests */,
			);
		};
/* End PBXProject section */

/* Begin PBXResourcesBuildPhase section */
		B97A0D792555631900840157 /* Resources */ = {
			isa = PBXResourcesBuildPhase;
			buildActionMask = 2147483647;
			files = (
				B97A0DF125556E2C00840157 /* CommitsRoot.storyboard in Resources */,
				B9B837972559457100E9D761 /* CommitDetail.storyboard in Resources */,
				B932D4222559500C0022BBF3 /* FileCell.xib in Resources */,
				B97A0E04255573F900840157 /* README.md in Resources */,
				B97A0D882555631B00840157 /* Assets.xcassets in Resources */,
				B9F0EA632559611C00AAFDBD /* PatchDetail.storyboard in Resources */,
				B97A0E05255573F900840157 /* LICENSE in Resources */,
				B9CF88AD255710E5009416B8 /* EmptyCell.xib in Resources */,
				B9CF88B4255712FC009416B8 /* CommitCell.xib in Resources */,
			);
			runOnlyForDeploymentPostprocessing = 0;
		};
		B97A0D8F2555631B00840157 /* Resources */ = {
			isa = PBXResourcesBuildPhase;
			buildActionMask = 2147483647;
			files = (
				B968076F2555E8F400809CD7 /* Commit.json in Resources */,
				B96807742555F00400809CD7 /* Commits.json in Resources */,
				B9F0EA752559823C00AAFDBD /* Files.json in Resources */,
				B96807532555DE5B00809CD7 /* SampleUser.json in Resources */,
				B96807512555DE5B00809CD7 /* CommitData.json in Resources */,
				B9B8376B25589D8800E9D761 /* CurrentCommits.json in Resources */,
				B96807522555DE5B00809CD7 /* UserSummary.json in Resources */,
			);
			runOnlyForDeploymentPostprocessing = 0;
		};
		B9AC4EB025603A39004D6D11 /* Resources */ = {
			isa = PBXResourcesBuildPhase;
			buildActionMask = 2147483647;
			files = (
				B9AC4EC425603A3A004D6D11 /* LaunchScreen.storyboard in Resources */,
				B9AC4EC125603A3A004D6D11 /* Assets.xcassets in Resources */,
				B9B5E7F1256051E400F184E0 /* OCFileCell.xib in Resources */,
				B9B5E7E625604B6B00F184E0 /* OCCommitsRootController.xib in Resources */,
				B9B5E7F0256051E400F184E0 /* OCEmptyCell.xib in Resources */,
				B9B5E7EF256051E400F184E0 /* OCCommitCell.xib in Resources */,
				B9AC4EFE25603B57004D6D11 /* Assets.xcassets in Resources */,
			);
			runOnlyForDeploymentPostprocessing = 0;
		};
		B9AC4ECA25603A3A004D6D11 /* Resources */ = {
			isa = PBXResourcesBuildPhase;
			buildActionMask = 2147483647;
			files = (
			);
			runOnlyForDeploymentPostprocessing = 0;
		};
/* End PBXResourcesBuildPhase section */

/* Begin PBXSourcesBuildPhase section */
		B97A0D772555631900840157 /* Sources */ = {
			isa = PBXSourcesBuildPhase;
			buildActionMask = 2147483647;
			files = (
				B9B8378925593BC400E9D761 /* GitHubFile.swift in Sources */,
				B96807C8255697FA00809CD7 /* Observable.swift in Sources */,
				B9D518AA2556BC0200600665 /* GitHubCommit.swift in Sources */,
				B9F63F0325569D1D00919035 /* CommitsRootViewModel.swift in Sources */,
				B9D518972556B07D00600665 /* Commit.swift in Sources */,
				B9B8372C2558910B00E9D761 /* CommitAppearance.swift in Sources */,
				B9B8378425593A2700E9D761 /* File.swift in Sources */,
				B984C4E52557486C00EF4C4F /* UIVIewController+Extensions.swift in Sources */,
				B937EB4225570C9400DC6948 /* ReusableNib.swift in Sources */,
				B96807AA2556193400809CD7 /* NetworkService.swift in Sources */,
				B968078F2556047500809CD7 /* APIRequest.swift in Sources */,
				B9680797255604B100809CD7 /* GitHubNetworkService.swift in Sources */,
				B9B837A12559461600E9D761 /* CommitDetailViewController.swift in Sources */,
				B9B8379C255945AD00E9D761 /* CommitDetailCoodinator.swift in Sources */,
				B9B83749255894A700E9D761 /* UIFont+Extensions.swift in Sources */,
				B9CF88B3255712FC009416B8 /* CommitCell.swift in Sources */,
				B97A0DFB25556EB100840157 /* CommitsRootCoordinator.swift in Sources */,
				B9B837AC2559474C00E9D761 /* GitHubCommitDetailsViewModel.swift in Sources */,
				B9F0EA6D255963D400AAFDBD /* PatchDetailCoordinator.swift in Sources */,
				B937EB292557011800DC6948 /* Query.swift in Sources */,
				B9B8375725589C8E00E9D761 /* FetchDirection.swift in Sources */,
				B96807A2255618F600809CD7 /* NetworkError.swift in Sources */,
				B97A0DDD255566AE00840157 /* Storyboards.swift in Sources */,
				B9B837A72559467400E9D761 /* CommitDetailsViewModel.swift in Sources */,
				B932D4212559500C0022BBF3 /* FileCell.swift in Sources */,
				B9B8374E25589C5000E9D761 /* GitHubCommitsRootViewModel.swift in Sources */,
				B9F0EA682559616A00AAFDBD /* PatchDetailController.swift in Sources */,
				B97A0D7F2555631900840157 /* AppDelegate.swift in Sources */,
				B97A0DF625556E6900840157 /* CommitsRootController.swift in Sources */,
				B968078A2555FEBD00809CD7 /* GitHubRequest.swift in Sources */,
				B97A0DEB2555693C00840157 /* Coordinator.swift in Sources */,
				B97A0DD52555660B00840157 /* StoryboardInstantiable.swift in Sources */,
				B9B8372725588D2300E9D761 /* Appearance.swift in Sources */,
				B9CF88AC255710E5009416B8 /* EmptyCell.swift in Sources */,
				B9D518A52556BBCA00600665 /* SwiftyJSON.swift in Sources */,
				B97A0D812555631900840157 /* SceneDelegate.swift in Sources */,
				B937EB24255700FC00DC6948 /* Repository.swift in Sources */,
			);
			runOnlyForDeploymentPostprocessing = 0;
		};
		B97A0D8D2555631B00840157 /* Sources */ = {
			isa = PBXSourcesBuildPhase;
			buildActionMask = 2147483647;
			files = (
				B9F0EA822559834B00AAFDBD /* MockCommit.swift in Sources */,
				B9F0EA7A255982C200AAFDBD /* CommitDetailsViewModelTests.swift in Sources */,
				B9B8377525589E1600E9D761 /* MockNetworkService.swift in Sources */,
				B9B8377025589DF000E9D761 /* CommitsViewModelTests.swift in Sources */,
				B96807B225561A3E00809CD7 /* NetworkServiceTests.swift in Sources */,
				B96806F42555BF2400809CD7 /* JsonParsingTests.swift in Sources */,
			);
			runOnlyForDeploymentPostprocessing = 0;
		};
		B9AC4EAE25603A39004D6D11 /* Sources */ = {
			isa = PBXSourcesBuildPhase;
			buildActionMask = 2147483647;
			files = (
				B9AC4EB625603A39004D6D11 /* AppDelegate.m in Sources */,
				B9B5E80C256053CE00F184E0 /* OCGithubCommit.m in Sources */,
				B9AC4F3D25604353004D6D11 /* CommitsRootsCoordinator.m in Sources */,
				B9AC4EC725603A3A004D6D11 /* main.m in Sources */,
				B9AC4F2025603CAC004D6D11 /* OCCoordinator.m in Sources */,
				B9B5E7E525604B6B00F184E0 /* OCCommitsRootController.m in Sources */,
				B9B5E82F25605E9F00F184E0 /* OCNetworking.m in Sources */,
				B9AC4EB925603A39004D6D11 /* SceneDelegate.m in Sources */,
				B9B5E7F82560521C00F184E0 /* OCCommitCell.m in Sources */,
			);
			runOnlyForDeploymentPostprocessing = 0;
		};
		B9AC4EC825603A3A004D6D11 /* Sources */ = {
			isa = PBXSourcesBuildPhase;
			buildActionMask = 2147483647;
			files = (
				B9AC4ED125603A3A004D6D11 /* OCCommitBrowserTests.m in Sources */,
			);
			runOnlyForDeploymentPostprocessing = 0;
		};
/* End PBXSourcesBuildPhase section */

/* Begin PBXTargetDependency section */
		B97A0D932555631B00840157 /* PBXTargetDependency */ = {
			isa = PBXTargetDependency;
			target = B97A0D7A2555631900840157 /* CommitBrowser */;
			targetProxy = B97A0D922555631B00840157 /* PBXContainerItemProxy */;
		};
		B9AC4ECE25603A3A004D6D11 /* PBXTargetDependency */ = {
			isa = PBXTargetDependency;
			target = B9AC4EB125603A39004D6D11 /* OCCommitBrowser */;
			targetProxy = B9AC4ECD25603A3A004D6D11 /* PBXContainerItemProxy */;
		};
/* End PBXTargetDependency section */

/* Begin PBXVariantGroup section */
		B97A0D892555631B00840157 /* LaunchScreen.storyboard */ = {
			isa = PBXVariantGroup;
			children = (
				B97A0D8A2555631B00840157 /* Base */,
			);
			name = LaunchScreen.storyboard;
			sourceTree = "<group>";
		};
		B9AC4EC225603A3A004D6D11 /* LaunchScreen.storyboard */ = {
			isa = PBXVariantGroup;
			children = (
				B9AC4EC325603A3A004D6D11 /* Base */,
			);
			name = LaunchScreen.storyboard;
			sourceTree = "<group>";
		};
/* End PBXVariantGroup section */

/* Begin XCBuildConfiguration section */
		B97A0DA32555631B00840157 /* Debug */ = {
			isa = XCBuildConfiguration;
			buildSettings = {
				ALWAYS_SEARCH_USER_PATHS = NO;
				CLANG_ANALYZER_NONNULL = YES;
				CLANG_ANALYZER_NUMBER_OBJECT_CONVERSION = YES_AGGRESSIVE;
				CLANG_CXX_LANGUAGE_STANDARD = "gnu++14";
				CLANG_CXX_LIBRARY = "libc++";
				CLANG_ENABLE_MODULES = YES;
				CLANG_ENABLE_OBJC_ARC = YES;
				CLANG_ENABLE_OBJC_WEAK = YES;
				CLANG_WARN_BLOCK_CAPTURE_AUTORELEASING = YES;
				CLANG_WARN_BOOL_CONVERSION = YES;
				CLANG_WARN_COMMA = YES;
				CLANG_WARN_CONSTANT_CONVERSION = YES;
				CLANG_WARN_DEPRECATED_OBJC_IMPLEMENTATIONS = YES;
				CLANG_WARN_DIRECT_OBJC_ISA_USAGE = YES_ERROR;
				CLANG_WARN_DOCUMENTATION_COMMENTS = YES;
				CLANG_WARN_EMPTY_BODY = YES;
				CLANG_WARN_ENUM_CONVERSION = YES;
				CLANG_WARN_INFINITE_RECURSION = YES;
				CLANG_WARN_INT_CONVERSION = YES;
				CLANG_WARN_NON_LITERAL_NULL_CONVERSION = YES;
				CLANG_WARN_OBJC_IMPLICIT_RETAIN_SELF = YES;
				CLANG_WARN_OBJC_LITERAL_CONVERSION = YES;
				CLANG_WARN_OBJC_ROOT_CLASS = YES_ERROR;
				CLANG_WARN_QUOTED_INCLUDE_IN_FRAMEWORK_HEADER = YES;
				CLANG_WARN_RANGE_LOOP_ANALYSIS = YES;
				CLANG_WARN_STRICT_PROTOTYPES = YES;
				CLANG_WARN_SUSPICIOUS_MOVE = YES;
				CLANG_WARN_UNGUARDED_AVAILABILITY = YES_AGGRESSIVE;
				CLANG_WARN_UNREACHABLE_CODE = YES;
				CLANG_WARN__DUPLICATE_METHOD_MATCH = YES;
				COPY_PHASE_STRIP = NO;
				DEBUG_INFORMATION_FORMAT = dwarf;
				ENABLE_STRICT_OBJC_MSGSEND = YES;
				ENABLE_TESTABILITY = YES;
				GCC_C_LANGUAGE_STANDARD = gnu11;
				GCC_DYNAMIC_NO_PIC = NO;
				GCC_NO_COMMON_BLOCKS = YES;
				GCC_OPTIMIZATION_LEVEL = 0;
				GCC_PREPROCESSOR_DEFINITIONS = (
					"DEBUG=1",
					"$(inherited)",
				);
				GCC_WARN_64_TO_32_BIT_CONVERSION = YES;
				GCC_WARN_ABOUT_RETURN_TYPE = YES_ERROR;
				GCC_WARN_UNDECLARED_SELECTOR = YES;
				GCC_WARN_UNINITIALIZED_AUTOS = YES_AGGRESSIVE;
				GCC_WARN_UNUSED_FUNCTION = YES;
				GCC_WARN_UNUSED_VARIABLE = YES;
				INFOPLIST_FILE = "";
				IPHONEOS_DEPLOYMENT_TARGET = 14.1;
				MTL_ENABLE_DEBUG_INFO = INCLUDE_SOURCE;
				MTL_FAST_MATH = YES;
				ONLY_ACTIVE_ARCH = YES;
				SDKROOT = iphoneos;
				SWIFT_ACTIVE_COMPILATION_CONDITIONS = DEBUG;
				SWIFT_OPTIMIZATION_LEVEL = "-Onone";
			};
			name = Debug;
		};
		B97A0DA42555631B00840157 /* Release */ = {
			isa = XCBuildConfiguration;
			buildSettings = {
				ALWAYS_SEARCH_USER_PATHS = NO;
				CLANG_ANALYZER_NONNULL = YES;
				CLANG_ANALYZER_NUMBER_OBJECT_CONVERSION = YES_AGGRESSIVE;
				CLANG_CXX_LANGUAGE_STANDARD = "gnu++14";
				CLANG_CXX_LIBRARY = "libc++";
				CLANG_ENABLE_MODULES = YES;
				CLANG_ENABLE_OBJC_ARC = YES;
				CLANG_ENABLE_OBJC_WEAK = YES;
				CLANG_WARN_BLOCK_CAPTURE_AUTORELEASING = YES;
				CLANG_WARN_BOOL_CONVERSION = YES;
				CLANG_WARN_COMMA = YES;
				CLANG_WARN_CONSTANT_CONVERSION = YES;
				CLANG_WARN_DEPRECATED_OBJC_IMPLEMENTATIONS = YES;
				CLANG_WARN_DIRECT_OBJC_ISA_USAGE = YES_ERROR;
				CLANG_WARN_DOCUMENTATION_COMMENTS = YES;
				CLANG_WARN_EMPTY_BODY = YES;
				CLANG_WARN_ENUM_CONVERSION = YES;
				CLANG_WARN_INFINITE_RECURSION = YES;
				CLANG_WARN_INT_CONVERSION = YES;
				CLANG_WARN_NON_LITERAL_NULL_CONVERSION = YES;
				CLANG_WARN_OBJC_IMPLICIT_RETAIN_SELF = YES;
				CLANG_WARN_OBJC_LITERAL_CONVERSION = YES;
				CLANG_WARN_OBJC_ROOT_CLASS = YES_ERROR;
				CLANG_WARN_QUOTED_INCLUDE_IN_FRAMEWORK_HEADER = YES;
				CLANG_WARN_RANGE_LOOP_ANALYSIS = YES;
				CLANG_WARN_STRICT_PROTOTYPES = YES;
				CLANG_WARN_SUSPICIOUS_MOVE = YES;
				CLANG_WARN_UNGUARDED_AVAILABILITY = YES_AGGRESSIVE;
				CLANG_WARN_UNREACHABLE_CODE = YES;
				CLANG_WARN__DUPLICATE_METHOD_MATCH = YES;
				COPY_PHASE_STRIP = NO;
				DEBUG_INFORMATION_FORMAT = "dwarf-with-dsym";
				ENABLE_NS_ASSERTIONS = NO;
				ENABLE_STRICT_OBJC_MSGSEND = YES;
				GCC_C_LANGUAGE_STANDARD = gnu11;
				GCC_NO_COMMON_BLOCKS = YES;
				GCC_WARN_64_TO_32_BIT_CONVERSION = YES;
				GCC_WARN_ABOUT_RETURN_TYPE = YES_ERROR;
				GCC_WARN_UNDECLARED_SELECTOR = YES;
				GCC_WARN_UNINITIALIZED_AUTOS = YES_AGGRESSIVE;
				GCC_WARN_UNUSED_FUNCTION = YES;
				GCC_WARN_UNUSED_VARIABLE = YES;
				INFOPLIST_FILE = "";
				IPHONEOS_DEPLOYMENT_TARGET = 14.1;
				MTL_ENABLE_DEBUG_INFO = NO;
				MTL_FAST_MATH = YES;
				SDKROOT = iphoneos;
				SWIFT_COMPILATION_MODE = wholemodule;
				SWIFT_OPTIMIZATION_LEVEL = "-O";
				VALIDATE_PRODUCT = YES;
			};
			name = Release;
		};
		B97A0DA62555631B00840157 /* Debug */ = {
			isa = XCBuildConfiguration;
			buildSettings = {
				ASSETCATALOG_COMPILER_APPICON_NAME = AppIcon;
				ASSETCATALOG_COMPILER_GLOBAL_ACCENT_COLOR_NAME = AccentColor;
				CODE_SIGN_STYLE = Automatic;
				DEVELOPMENT_TEAM = "";
				INFOPLIST_FILE = CommitBrowser/Resources/Info.plist;
				LD_RUNPATH_SEARCH_PATHS = (
					"$(inherited)",
					"@executable_path/Frameworks",
				);
				PRODUCT_BUNDLE_IDENTIFIER = com.dhomes.CommitBrowser;
				PRODUCT_NAME = "$(TARGET_NAME)";
				SWIFT_VERSION = 5.0;
				TARGETED_DEVICE_FAMILY = "1,2";
			};
			name = Debug;
		};
		B97A0DA72555631B00840157 /* Release */ = {
			isa = XCBuildConfiguration;
			buildSettings = {
				ASSETCATALOG_COMPILER_APPICON_NAME = AppIcon;
				ASSETCATALOG_COMPILER_GLOBAL_ACCENT_COLOR_NAME = AccentColor;
				CODE_SIGN_STYLE = Automatic;
				DEVELOPMENT_TEAM = "";
				INFOPLIST_FILE = CommitBrowser/Resources/Info.plist;
				LD_RUNPATH_SEARCH_PATHS = (
					"$(inherited)",
					"@executable_path/Frameworks",
				);
				PRODUCT_BUNDLE_IDENTIFIER = com.dhomes.CommitBrowser;
				PRODUCT_NAME = "$(TARGET_NAME)";
				SWIFT_VERSION = 5.0;
				TARGETED_DEVICE_FAMILY = "1,2";
			};
			name = Release;
		};
		B97A0DA92555631B00840157 /* Debug */ = {
			isa = XCBuildConfiguration;
			buildSettings = {
				ALWAYS_EMBED_SWIFT_STANDARD_LIBRARIES = YES;
				BUNDLE_LOADER = "$(TEST_HOST)";
				CODE_SIGN_STYLE = Automatic;
				DEVELOPMENT_TEAM = MM68ANJS23;
				INFOPLIST_FILE = CommitBrowserTests/Info.plist;
				IPHONEOS_DEPLOYMENT_TARGET = 14.1;
				LD_RUNPATH_SEARCH_PATHS = (
					"$(inherited)",
					"@executable_path/Frameworks",
					"@loader_path/Frameworks",
				);
				PRODUCT_BUNDLE_IDENTIFIER = com.dhomes.CommitBrowserTests;
				PRODUCT_NAME = "$(TARGET_NAME)";
				SWIFT_VERSION = 5.0;
				TARGETED_DEVICE_FAMILY = "1,2";
				TEST_HOST = "$(BUILT_PRODUCTS_DIR)/CommitBrowser.app/CommitBrowser";
			};
			name = Debug;
		};
		B97A0DAA2555631B00840157 /* Release */ = {
			isa = XCBuildConfiguration;
			buildSettings = {
				ALWAYS_EMBED_SWIFT_STANDARD_LIBRARIES = YES;
				BUNDLE_LOADER = "$(TEST_HOST)";
				CODE_SIGN_STYLE = Automatic;
				DEVELOPMENT_TEAM = MM68ANJS23;
				INFOPLIST_FILE = CommitBrowserTests/Info.plist;
				IPHONEOS_DEPLOYMENT_TARGET = 14.1;
				LD_RUNPATH_SEARCH_PATHS = (
					"$(inherited)",
					"@executable_path/Frameworks",
					"@loader_path/Frameworks",
				);
				PRODUCT_BUNDLE_IDENTIFIER = com.dhomes.CommitBrowserTests;
				PRODUCT_NAME = "$(TARGET_NAME)";
				SWIFT_VERSION = 5.0;
				TARGETED_DEVICE_FAMILY = "1,2";
				TEST_HOST = "$(BUILT_PRODUCTS_DIR)/CommitBrowser.app/CommitBrowser";
			};
			name = Release;
		};
		B9AC4EDF25603A3B004D6D11 /* Debug */ = {
			isa = XCBuildConfiguration;
			buildSettings = {
				ASSETCATALOG_COMPILER_APPICON_NAME = AppIcon;
				ASSETCATALOG_COMPILER_GLOBAL_ACCENT_COLOR_NAME = AccentColor;
				CODE_SIGN_STYLE = Automatic;
				DEVELOPMENT_TEAM = MM68ANJS23;
				INFOPLIST_FILE = OCCommitBrowser/Info.plist;
				IPHONEOS_DEPLOYMENT_TARGET = 14.2;
				LD_RUNPATH_SEARCH_PATHS = (
					"$(inherited)",
					"@executable_path/Frameworks",
				);
				PRODUCT_BUNDLE_IDENTIFIER = com.dhomes.OCCommitBrowser;
				PRODUCT_NAME = "$(TARGET_NAME)";
				TARGETED_DEVICE_FAMILY = "1,2";
			};
			name = Debug;
		};
		B9AC4EE025603A3B004D6D11 /* Release */ = {
			isa = XCBuildConfiguration;
			buildSettings = {
				ASSETCATALOG_COMPILER_APPICON_NAME = AppIcon;
				ASSETCATALOG_COMPILER_GLOBAL_ACCENT_COLOR_NAME = AccentColor;
				CODE_SIGN_STYLE = Automatic;
				DEVELOPMENT_TEAM = MM68ANJS23;
				INFOPLIST_FILE = OCCommitBrowser/Info.plist;
				IPHONEOS_DEPLOYMENT_TARGET = 14.2;
				LD_RUNPATH_SEARCH_PATHS = (
					"$(inherited)",
					"@executable_path/Frameworks",
				);
				PRODUCT_BUNDLE_IDENTIFIER = com.dhomes.OCCommitBrowser;
				PRODUCT_NAME = "$(TARGET_NAME)";
				TARGETED_DEVICE_FAMILY = "1,2";
			};
			name = Release;
		};
		B9AC4EE225603A3B004D6D11 /* Debug */ = {
			isa = XCBuildConfiguration;
			buildSettings = {
				BUNDLE_LOADER = "$(TEST_HOST)";
				CODE_SIGN_STYLE = Automatic;
				DEVELOPMENT_TEAM = MM68ANJS23;
				INFOPLIST_FILE = OCCommitBrowserTests/Info.plist;
				IPHONEOS_DEPLOYMENT_TARGET = 14.2;
				LD_RUNPATH_SEARCH_PATHS = (
					"$(inherited)",
					"@executable_path/Frameworks",
					"@loader_path/Frameworks",
				);
				PRODUCT_BUNDLE_IDENTIFIER = com.dhomes.OCCommitBrowserTests;
				PRODUCT_NAME = "$(TARGET_NAME)";
				TARGETED_DEVICE_FAMILY = "1,2";
				TEST_HOST = "$(BUILT_PRODUCTS_DIR)/OCCommitBrowser.app/OCCommitBrowser";
			};
			name = Debug;
		};
		B9AC4EE325603A3B004D6D11 /* Release */ = {
			isa = XCBuildConfiguration;
			buildSettings = {
				BUNDLE_LOADER = "$(TEST_HOST)";
				CODE_SIGN_STYLE = Automatic;
				DEVELOPMENT_TEAM = MM68ANJS23;
				INFOPLIST_FILE = OCCommitBrowserTests/Info.plist;
				IPHONEOS_DEPLOYMENT_TARGET = 14.2;
				LD_RUNPATH_SEARCH_PATHS = (
					"$(inherited)",
					"@executable_path/Frameworks",
					"@loader_path/Frameworks",
				);
				PRODUCT_BUNDLE_IDENTIFIER = com.dhomes.OCCommitBrowserTests;
				PRODUCT_NAME = "$(TARGET_NAME)";
				TARGETED_DEVICE_FAMILY = "1,2";
				TEST_HOST = "$(BUILT_PRODUCTS_DIR)/OCCommitBrowser.app/OCCommitBrowser";
			};
			name = Release;
		};
/* End XCBuildConfiguration section */

/* Begin XCConfigurationList section */
		B97A0D762555631900840157 /* Build configuration list for PBXProject "CommitBrowser" */ = {
			isa = XCConfigurationList;
			buildConfigurations = (
				B97A0DA32555631B00840157 /* Debug */,
				B97A0DA42555631B00840157 /* Release */,
			);
			defaultConfigurationIsVisible = 0;
			defaultConfigurationName = Release;
		};
		B97A0DA52555631B00840157 /* Build configuration list for PBXNativeTarget "CommitBrowser" */ = {
			isa = XCConfigurationList;
			buildConfigurations = (
				B97A0DA62555631B00840157 /* Debug */,
				B97A0DA72555631B00840157 /* Release */,
			);
			defaultConfigurationIsVisible = 0;
			defaultConfigurationName = Release;
		};
		B97A0DA82555631B00840157 /* Build configuration list for PBXNativeTarget "CommitBrowserTests" */ = {
			isa = XCConfigurationList;
			buildConfigurations = (
				B97A0DA92555631B00840157 /* Debug */,
				B97A0DAA2555631B00840157 /* Release */,
			);
			defaultConfigurationIsVisible = 0;
			defaultConfigurationName = Release;
		};
		B9AC4EDE25603A3B004D6D11 /* Build configuration list for PBXNativeTarget "OCCommitBrowser" */ = {
			isa = XCConfigurationList;
			buildConfigurations = (
				B9AC4EDF25603A3B004D6D11 /* Debug */,
				B9AC4EE025603A3B004D6D11 /* Release */,
			);
			defaultConfigurationIsVisible = 0;
			defaultConfigurationName = Release;
		};
		B9AC4EE125603A3B004D6D11 /* Build configuration list for PBXNativeTarget "OCCommitBrowserTests" */ = {
			isa = XCConfigurationList;
			buildConfigurations = (
				B9AC4EE225603A3B004D6D11 /* Debug */,
				B9AC4EE325603A3B004D6D11 /* Release */,
			);
			defaultConfigurationIsVisible = 0;
			defaultConfigurationName = Release;
		};
/* End XCConfigurationList section */

/* Begin XCRemoteSwiftPackageReference section */
		B97A0DBA255563A400840157 /* XCRemoteSwiftPackageReference "Just" */ = {
			isa = XCRemoteSwiftPackageReference;
			repositoryURL = "https://github.com/dduan/Just";
			requirement = {
				kind = upToNextMajorVersion;
				minimumVersion = 0.8.0;
			};
		};
		B9AC4EF725603ACB004D6D11 /* XCRemoteSwiftPackageReference "AFNetworking" */ = {
			isa = XCRemoteSwiftPackageReference;
			repositoryURL = "https://github.com/AFNetworking/AFNetworking";
			requirement = {
				kind = upToNextMajorVersion;
				minimumVersion = 4.0.1;
			};
		};
		B9B5E8262560581400F184E0 /* XCRemoteSwiftPackageReference "Mantle" */ = {
			isa = XCRemoteSwiftPackageReference;
			repositoryURL = "https://github.com/Mantle/Mantle";
			requirement = {
				kind = upToNextMajorVersion;
				minimumVersion = 2.1.6;
			};
		};
		B9B96BCA2561128900989BA8 /* XCRemoteSwiftPackageReference "SDWebImage" */ = {
			isa = XCRemoteSwiftPackageReference;
			repositoryURL = "https://github.com/SDWebImage/SDWebImage";
			requirement = {
				kind = upToNextMajorVersion;
				minimumVersion = 5.9.5;
			};
		};
		B9FDCB8E25610BA000877C85 /* XCRemoteSwiftPackageReference "Nuke" */ = {
			isa = XCRemoteSwiftPackageReference;
			repositoryURL = "https://github.com/kean/Nuke";
			requirement = {
				kind = upToNextMajorVersion;
				minimumVersion = 9.1.2;
			};
		};
/* End XCRemoteSwiftPackageReference section */

/* Begin XCSwiftPackageProductDependency section */
		B97A0DBB255563A400840157 /* Just */ = {
			isa = XCSwiftPackageProductDependency;
			package = B97A0DBA255563A400840157 /* XCRemoteSwiftPackageReference "Just" */;
			productName = Just;
		};
		B9AC4EF825603ACB004D6D11 /* AFNetworking */ = {
			isa = XCSwiftPackageProductDependency;
			package = B9AC4EF725603ACB004D6D11 /* XCRemoteSwiftPackageReference "AFNetworking" */;
			productName = AFNetworking;
		};
		B9B5E8272560581400F184E0 /* Mantle */ = {
			isa = XCSwiftPackageProductDependency;
			package = B9B5E8262560581400F184E0 /* XCRemoteSwiftPackageReference "Mantle" */;
			productName = Mantle;
		};
		B9B96BCB2561128900989BA8 /* SDWebImage */ = {
			isa = XCSwiftPackageProductDependency;
			package = B9B96BCA2561128900989BA8 /* XCRemoteSwiftPackageReference "SDWebImage" */;
			productName = SDWebImage;
		};
		B9FDCB8F25610BA000877C85 /* Nuke */ = {
			isa = XCSwiftPackageProductDependency;
			package = B9FDCB8E25610BA000877C85 /* XCRemoteSwiftPackageReference "Nuke" */;
			productName = Nuke;
		};
/* End XCSwiftPackageProductDependency section */
	};
	rootObject = B97A0D732555631900840157 /* Project object */;
}
